
Microsoft Visual Studio Solution File, Format Version 12.00
# Visual Studio Version 16
VisualStudioVersion = 16.0.32228.343
MinimumVisualStudioVersion = 10.0.40219.1
Project("{FAE04EC0-301F-11D3-BF4B-00C04F79EFBC}") = "Mortgage-Calculator", "Mortgage-Calculator\Mortgage-Calculator.csproj", "{B6BE751F-8A1B-461B-ABC7-740EB8BABBF2}"
EndProject
Global
	GlobalSection(SolutionConfigurationPlatforms) = preSolution
		Debug|Any CPU = Debug|Any CPU
		Release|Any CPU = Release|Any CPU
	EndGlobalSection
	GlobalSection(ProjectConfigurationPlatforms) = postSolution
		{B6BE751F-8A1B-461B-ABC7-740EB8BABBF2}.Debug|Any CPU.ActiveCfg = Debug|Any CPU
		{B6BE751F-8A1B-461B-ABC7-740EB8BABBF2}.Debug|Any CPU.Build.0 = Debug|Any CPU
		{B6BE751F-8A1B-461B-ABC7-740EB8BABBF2}.Release|Any CPU.ActiveCfg = Release|Any CPU
		{B6BE751F-8A1B-461B-ABC7-740EB8BABBF2}.Release|Any CPU.Build.0 = Release|Any CPU
	EndGlobalSection
	GlobalSection(SolutionProperties) = preSolution
		HideSolutionNode = FALSE
	EndGlobalSection
	GlobalSection(ExtensibilityGlobals) = postSolution
		SolutionGuid = {BFA39F2D-A091-46FA-9F5A-A4407FA57E3D}
	EndGlobalSection
EndGlobal
